
Microsoft Visual Studio Solution File, Format Version 12.00
# Visual Studio Version 16
VisualStudioVersion = 16.0.30002.166
MinimumVisualStudioVersion = 10.0.40219.1
Project("{FAE04EC0-301F-11D3-BF4B-00C04F79EFBC}") = "BCM-LeadGen", "BCM-LeadGen\BCM-LeadGen.csproj", "{06031C6E-E8E1-4C4C-975C-1DCB05B0B8DE}"
EndProject
Global
	GlobalSection(SolutionConfigurationPlatforms) = preSolution
		Debug|Any CPU = Debug|Any CPU
		Release|Any CPU = Release|Any CPU
	EndGlobalSection
	GlobalSection(ProjectConfigurationPlatforms) = postSolution
		{06031C6E-E8E1-4C4C-975C-1DCB05B0B8DE}.Debug|Any CPU.ActiveCfg = Debug|Any CPU
		{06031C6E-E8E1-4C4C-975C-1DCB05B0B8DE}.Debug|Any CPU.Build.0 = Debug|Any CPU
		{06031C6E-E8E1-4C4C-975C-1DCB05B0B8DE}.Release|Any CPU.ActiveCfg = Release|Any CPU
		{06031C6E-E8E1-4C4C-975C-1DCB05B0B8DE}.Release|Any CPU.Build.0 = Release|Any CPU
	EndGlobalSection
	GlobalSection(SolutionProperties) = preSolution
		HideSolutionNode = FALSE
	EndGlobalSection
	GlobalSection(ExtensibilityGlobals) = postSolution
		SolutionGuid = {7772F591-D3C3-4FB4-B269-3356A7725156}
	EndGlobalSection
EndGlobal
